
Microsoft Visual Studio Solution File, Format Version 12.00
# Visual Studio Version 16
VisualStudioVersion = 16.0.31112.23
MinimumVisualStudioVersion = 10.0.40219.1
Project("{FAE04EC0-301F-11D3-BF4B-00C04F79EFBC}") = "KarlsonMPserver", "KarlsonMPserver\KarlsonMPserver.csproj", "{857FE1F1-9D38-4596-B633-0917BAA174CD}"
EndProject
Global
	GlobalSection(SolutionConfigurationPlatforms) = preSolution
		Debug|Any CPU = Debug|Any CPU
		Release|Any CPU = Release|Any CPU
	EndGlobalSection
	GlobalSection(ProjectConfigurationPlatforms) = postSolution
		{857FE1F1-9D38-4596-B633-0917BAA174CD}.Debug|Any CPU.ActiveCfg = Debug|Any CPU
		{857FE1F1-9D38-4596-B633-0917BAA174CD}.Debug|Any CPU.Build.0 = Debug|Any CPU
		{857FE1F1-9D38-4596-B633-0917BAA174CD}.Release|Any CPU.ActiveCfg = Release|Any CPU
		{857FE1F1-9D38-4596-B633-0917BAA174CD}.Release|Any CPU.Build.0 = Release|Any CPU
	EndGlobalSection
	GlobalSection(SolutionProperties) = preSolution
		HideSolutionNode = FALSE
	EndGlobalSection
	GlobalSection(ExtensibilityGlobals) = postSolution
		SolutionGuid = {0E2062E6-0838-490A-9C56-D7BA81298954}
	EndGlobalSection
EndGlobal
